// !$*UTF8*$!
{
	archiveVersion = 1;
	classes = {
	};
	objectVersion = 56;
	objects = {

/* Begin PBXBuildFile section */
		E17163E82BE4124300000B6E /* GoogleService-Info.plist in Resources */ = {isa = PBXBuildFile; fileRef = E17163E72BE4124300000B6E /* GoogleService-Info.plist */; };
		E17163E92BE4124400000B6E /* GoogleService-Info.plist in Resources */ = {isa = PBXBuildFile; fileRef = E17163E72BE4124300000B6E /* GoogleService-Info.plist */; };
		E17163EA2BE4124400000B6E /* GoogleService-Info.plist in Resources */ = {isa = PBXBuildFile; fileRef = E17163E72BE4124300000B6E /* GoogleService-Info.plist */; };
		E17163ED2BE4133200000B6E /* FirebaseAuth in Frameworks */ = {isa = PBXBuildFile; productRef = E17163EC2BE4133200000B6E /* FirebaseAuth */; };
		E17163EF2BE4133200000B6E /* FirebaseFirestore in Frameworks */ = {isa = PBXBuildFile; productRef = E17163EE2BE4133200000B6E /* FirebaseFirestore */; };
		E17163F12BE4133200000B6E /* FirebaseFirestoreSwift in Frameworks */ = {isa = PBXBuildFile; productRef = E17163F02BE4133200000B6E /* FirebaseFirestoreSwift */; };
		E17163F72BE4261600000B6E /* ProfileView.swift in Sources */ = {isa = PBXBuildFile; fileRef = E17163F62BE4261600000B6E /* ProfileView.swift */; };
		E17163F82BE4261600000B6E /* ProfileView.swift in Sources */ = {isa = PBXBuildFile; fileRef = E17163F62BE4261600000B6E /* ProfileView.swift */; };
		E17163F92BE4261600000B6E /* ProfileView.swift in Sources */ = {isa = PBXBuildFile; fileRef = E17163F62BE4261600000B6E /* ProfileView.swift */; };
		E17163FB2BE4263700000B6E /* ToDoListView.swift in Sources */ = {isa = PBXBuildFile; fileRef = E17163FA2BE4263700000B6E /* ToDoListView.swift */; };
		E17163FC2BE4263700000B6E /* ToDoListView.swift in Sources */ = {isa = PBXBuildFile; fileRef = E17163FA2BE4263700000B6E /* ToDoListView.swift */; };
		E17163FD2BE4263700000B6E /* ToDoListView.swift in Sources */ = {isa = PBXBuildFile; fileRef = E17163FA2BE4263700000B6E /* ToDoListView.swift */; };
		E17163FF2BE4264F00000B6E /* NewItemView.swift in Sources */ = {isa = PBXBuildFile; fileRef = E17163FE2BE4264E00000B6E /* NewItemView.swift */; };
		E17164002BE4264F00000B6E /* NewItemView.swift in Sources */ = {isa = PBXBuildFile; fileRef = E17163FE2BE4264E00000B6E /* NewItemView.swift */; };
		E17164012BE4264F00000B6E /* NewItemView.swift in Sources */ = {isa = PBXBuildFile; fileRef = E17163FE2BE4264E00000B6E /* NewItemView.swift */; };
		E17164032BE426A100000B6E /* LoginView.swift in Sources */ = {isa = PBXBuildFile; fileRef = E17164022BE426A100000B6E /* LoginView.swift */; };
		E17164042BE426A100000B6E /* LoginView.swift in Sources */ = {isa = PBXBuildFile; fileRef = E17164022BE426A100000B6E /* LoginView.swift */; };
		E17164052BE426A100000B6E /* LoginView.swift in Sources */ = {isa = PBXBuildFile; fileRef = E17164022BE426A100000B6E /* LoginView.swift */; };
		E17164072BE426CF00000B6E /* RegisterView.swift in Sources */ = {isa = PBXBuildFile; fileRef = E17164062BE426CF00000B6E /* RegisterView.swift */; };
		E17164082BE426CF00000B6E /* RegisterView.swift in Sources */ = {isa = PBXBuildFile; fileRef = E17164062BE426CF00000B6E /* RegisterView.swift */; };
		E17164092BE426CF00000B6E /* RegisterView.swift in Sources */ = {isa = PBXBuildFile; fileRef = E17164062BE426CF00000B6E /* RegisterView.swift */; };
		E171640B2BE426EE00000B6E /* ToDoListItemView.swift in Sources */ = {isa = PBXBuildFile; fileRef = E171640A2BE426EE00000B6E /* ToDoListItemView.swift */; };
		E171640C2BE426EE00000B6E /* ToDoListItemView.swift in Sources */ = {isa = PBXBuildFile; fileRef = E171640A2BE426EE00000B6E /* ToDoListItemView.swift */; };
		E171640D2BE426EE00000B6E /* ToDoListItemView.swift in Sources */ = {isa = PBXBuildFile; fileRef = E171640A2BE426EE00000B6E /* ToDoListItemView.swift */; };
		E171640F2BE4274A00000B6E /* user.swift in Sources */ = {isa = PBXBuildFile; fileRef = E171640E2BE4274A00000B6E /* user.swift */; };
		E17164102BE4274A00000B6E /* user.swift in Sources */ = {isa = PBXBuildFile; fileRef = E171640E2BE4274A00000B6E /* user.swift */; };
		E17164112BE4274B00000B6E /* user.swift in Sources */ = {isa = PBXBuildFile; fileRef = E171640E2BE4274A00000B6E /* user.swift */; };
		E17164132BE427BF00000B6E /* toDoListItems.swift in Sources */ = {isa = PBXBuildFile; fileRef = E17164122BE427BE00000B6E /* toDoListItems.swift */; };
		E17164142BE427BF00000B6E /* toDoListItems.swift in Sources */ = {isa = PBXBuildFile; fileRef = E17164122BE427BE00000B6E /* toDoListItems.swift */; };
		E17164152BE427BF00000B6E /* toDoListItems.swift in Sources */ = {isa = PBXBuildFile; fileRef = E17164122BE427BE00000B6E /* toDoListItems.swift */; };
		E17164172BE4281C00000B6E /* MainViewViewModel.swift in Sources */ = {isa = PBXBuildFile; fileRef = E17164162BE4281C00000B6E /* MainViewViewModel.swift */; };
		E17164182BE4281C00000B6E /* MainViewViewModel.swift in Sources */ = {isa = PBXBuildFile; fileRef = E17164162BE4281C00000B6E /* MainViewViewModel.swift */; };
		E17164192BE4281C00000B6E /* MainViewViewModel.swift in Sources */ = {isa = PBXBuildFile; fileRef = E17164162BE4281C00000B6E /* MainViewViewModel.swift */; };
		E171641B2BE4284700000B6E /* ProfileViewViewModel.swift in Sources */ = {isa = PBXBuildFile; fileRef = E171641A2BE4284700000B6E /* ProfileViewViewModel.swift */; };
		E171641C2BE4284700000B6E /* ProfileViewViewModel.swift in Sources */ = {isa = PBXBuildFile; fileRef = E171641A2BE4284700000B6E /* ProfileViewViewModel.swift */; };
		E171641D2BE4284700000B6E /* ProfileViewViewModel.swift in Sources */ = {isa = PBXBuildFile; fileRef = E171641A2BE4284700000B6E /* ProfileViewViewModel.swift */; };
		E171641F2BE4286800000B6E /* ToDoListViewViewModel.swift in Sources */ = {isa = PBXBuildFile; fileRef = E171641E2BE4286800000B6E /* ToDoListViewViewModel.swift */; };
		E17164202BE4286800000B6E /* ToDoListViewViewModel.swift in Sources */ = {isa = PBXBuildFile; fileRef = E171641E2BE4286800000B6E /* ToDoListViewViewModel.swift */; };
		E17164212BE4286800000B6E /* ToDoListViewViewModel.swift in Sources */ = {isa = PBXBuildFile; fileRef = E171641E2BE4286800000B6E /* ToDoListViewViewModel.swift */; };
		E17164232BE4289100000B6E /* NewItemViewViewModels.swift in Sources */ = {isa = PBXBuildFile; fileRef = E17164222BE4289100000B6E /* NewItemViewViewModels.swift */; };
		E17164242BE4289100000B6E /* NewItemViewViewModels.swift in Sources */ = {isa = PBXBuildFile; fileRef = E17164222BE4289100000B6E /* NewItemViewViewModels.swift */; };
		E17164252BE4289100000B6E /* NewItemViewViewModels.swift in Sources */ = {isa = PBXBuildFile; fileRef = E17164222BE4289100000B6E /* NewItemViewViewModels.swift */; };
		E17164272BE428AF00000B6E /* LoginViewViewModels.swift in Sources */ = {isa = PBXBuildFile; fileRef = E17164262BE428AF00000B6E /* LoginViewViewModels.swift */; };
		E17164282BE428B000000B6E /* LoginViewViewModels.swift in Sources */ = {isa = PBXBuildFile; fileRef = E17164262BE428AF00000B6E /* LoginViewViewModels.swift */; };
		E17164292BE428B000000B6E /* LoginViewViewModels.swift in Sources */ = {isa = PBXBuildFile; fileRef = E17164262BE428AF00000B6E /* LoginViewViewModels.swift */; };
		E171642B2BE428C200000B6E /* RegisterViewViewModels.swift in Sources */ = {isa = PBXBuildFile; fileRef = E171642A2BE428C200000B6E /* RegisterViewViewModels.swift */; };
		E171642C2BE428C200000B6E /* RegisterViewViewModels.swift in Sources */ = {isa = PBXBuildFile; fileRef = E171642A2BE428C200000B6E /* RegisterViewViewModels.swift */; };
		E171642D2BE428C200000B6E /* RegisterViewViewModels.swift in Sources */ = {isa = PBXBuildFile; fileRef = E171642A2BE428C200000B6E /* RegisterViewViewModels.swift */; };
		E171642F2BE428F000000B6E /* ToDoListItemViewViewModels.swift in Sources */ = {isa = PBXBuildFile; fileRef = E171642E2BE428F000000B6E /* ToDoListItemViewViewModels.swift */; };
		E17164302BE428F000000B6E /* ToDoListItemViewViewModels.swift in Sources */ = {isa = PBXBuildFile; fileRef = E171642E2BE428F000000B6E /* ToDoListItemViewViewModels.swift */; };
		E17164312BE428F000000B6E /* ToDoListItemViewViewModels.swift in Sources */ = {isa = PBXBuildFile; fileRef = E171642E2BE428F000000B6E /* ToDoListItemViewViewModels.swift */; };
		E1EE082B2BE3FC0A00B2FB46 /* ToDoListApp.swift in Sources */ = {isa = PBXBuildFile; fileRef = E1EE082A2BE3FC0A00B2FB46 /* ToDoListApp.swift */; };
		E1EE082D2BE3FC0A00B2FB46 /* MainView.swift in Sources */ = {isa = PBXBuildFile; fileRef = E1EE082C2BE3FC0A00B2FB46 /* MainView.swift */; };
		E1EE082F2BE3FC0E00B2FB46 /* Assets.xcassets in Resources */ = {isa = PBXBuildFile; fileRef = E1EE082E2BE3FC0E00B2FB46 /* Assets.xcassets */; };
		E1EE08322BE3FC0E00B2FB46 /* Preview Assets.xcassets in Resources */ = {isa = PBXBuildFile; fileRef = E1EE08312BE3FC0E00B2FB46 /* Preview Assets.xcassets */; };
		E1EE083C2BE3FC0E00B2FB46 /* ToDoListTests.swift in Sources */ = {isa = PBXBuildFile; fileRef = E1EE083B2BE3FC0E00B2FB46 /* ToDoListTests.swift */; };
		E1EE08462BE3FC0E00B2FB46 /* ToDoListUITests.swift in Sources */ = {isa = PBXBuildFile; fileRef = E1EE08452BE3FC0E00B2FB46 /* ToDoListUITests.swift */; };
		E1EE08482BE3FC0E00B2FB46 /* ToDoListUITestsLaunchTests.swift in Sources */ = {isa = PBXBuildFile; fileRef = E1EE08472BE3FC0E00B2FB46 /* ToDoListUITestsLaunchTests.swift */; };
/* End PBXBuildFile section */

/* Begin PBXContainerItemProxy section */
		E1EE08382BE3FC0E00B2FB46 /* PBXContainerItemProxy */ = {
			isa = PBXContainerItemProxy;
			containerPortal = E1EE081F2BE3FC0A00B2FB46 /* Project object */;
			proxyType = 1;
			remoteGlobalIDString = E1EE08262BE3FC0A00B2FB46;
			remoteInfo = ToDoList;
		};
		E1EE08422BE3FC0E00B2FB46 /* PBXContainerItemProxy */ = {
			isa = PBXContainerItemProxy;
			containerPortal = E1EE081F2BE3FC0A00B2FB46 /* Project object */;
			proxyType = 1;
			remoteGlobalIDString = E1EE08262BE3FC0A00B2FB46;
			remoteInfo = ToDoList;
		};
/* End PBXContainerItemProxy section */

/* Begin PBXFileReference section */
		E17163E72BE4124300000B6E /* GoogleService-Info.plist */ = {isa = PBXFileReference; fileEncoding = 4; lastKnownFileType = text.plist.xml; path = "GoogleService-Info.plist"; sourceTree = "<group>"; };
		E17163F62BE4261600000B6E /* ProfileView.swift */ = {isa = PBXFileReference; lastKnownFileType = sourcecode.swift; path = ProfileView.swift; sourceTree = "<group>"; };
		E17163FA2BE4263700000B6E /* ToDoListView.swift */ = {isa = PBXFileReference; lastKnownFileType = sourcecode.swift; path = ToDoListView.swift; sourceTree = "<group>"; };
		E17163FE2BE4264E00000B6E /* NewItemView.swift */ = {isa = PBXFileReference; lastKnownFileType = sourcecode.swift; path = NewItemView.swift; sourceTree = "<group>"; };
		E17164022BE426A100000B6E /* LoginView.swift */ = {isa = PBXFileReference; lastKnownFileType = sourcecode.swift; path = LoginView.swift; sourceTree = "<group>"; };
		E17164062BE426CF00000B6E /* RegisterView.swift */ = {isa = PBXFileReference; lastKnownFileType = sourcecode.swift; path = RegisterView.swift; sourceTree = "<group>"; };
		E171640A2BE426EE00000B6E /* ToDoListItemView.swift */ = {isa = PBXFileReference; lastKnownFileType = sourcecode.swift; path = ToDoListItemView.swift; sourceTree = "<group>"; };
		E171640E2BE4274A00000B6E /* user.swift */ = {isa = PBXFileReference; lastKnownFileType = sourcecode.swift; path = user.swift; sourceTree = "<group>"; };
		E17164122BE427BE00000B6E /* toDoListItems.swift */ = {isa = PBXFileReference; lastKnownFileType = sourcecode.swift; path = toDoListItems.swift; sourceTree = "<group>"; };
		E17164162BE4281C00000B6E /* MainViewViewModel.swift */ = {isa = PBXFileReference; lastKnownFileType = sourcecode.swift; path = MainViewViewModel.swift; sourceTree = "<group>"; };
		E171641A2BE4284700000B6E /* ProfileViewViewModel.swift */ = {isa = PBXFileReference; lastKnownFileType = sourcecode.swift; path = ProfileViewViewModel.swift; sourceTree = "<group>"; };
		E171641E2BE4286800000B6E /* ToDoListViewViewModel.swift */ = {isa = PBXFileReference; lastKnownFileType = sourcecode.swift; path = ToDoListViewViewModel.swift; sourceTree = "<group>"; };
		E17164222BE4289100000B6E /* NewItemViewViewModels.swift */ = {isa = PBXFileReference; lastKnownFileType = sourcecode.swift; path = NewItemViewViewModels.swift; sourceTree = "<group>"; };
		E17164262BE428AF00000B6E /* LoginViewViewModels.swift */ = {isa = PBXFileReference; lastKnownFileType = sourcecode.swift; path = LoginViewViewModels.swift; sourceTree = "<group>"; };
		E171642A2BE428C200000B6E /* RegisterViewViewModels.swift */ = {isa = PBXFileReference; lastKnownFileType = sourcecode.swift; path = RegisterViewViewModels.swift; sourceTree = "<group>"; };
		E171642E2BE428F000000B6E /* ToDoListItemViewViewModels.swift */ = {isa = PBXFileReference; lastKnownFileType = sourcecode.swift; path = ToDoListItemViewViewModels.swift; sourceTree = "<group>"; };
		E1EE08272BE3FC0A00B2FB46 /* ToDoList.app */ = {isa = PBXFileReference; explicitFileType = wrapper.application; includeInIndex = 0; path = ToDoList.app; sourceTree = BUILT_PRODUCTS_DIR; };
		E1EE082A2BE3FC0A00B2FB46 /* ToDoListApp.swift */ = {isa = PBXFileReference; lastKnownFileType = sourcecode.swift; path = ToDoListApp.swift; sourceTree = "<group>"; };
		E1EE082C2BE3FC0A00B2FB46 /* MainView.swift */ = {isa = PBXFileReference; lastKnownFileType = sourcecode.swift; path = MainView.swift; sourceTree = "<group>"; };
		E1EE082E2BE3FC0E00B2FB46 /* Assets.xcassets */ = {isa = PBXFileReference; lastKnownFileType = folder.assetcatalog; path = Assets.xcassets; sourceTree = "<group>"; };
		E1EE08312BE3FC0E00B2FB46 /* Preview Assets.xcassets */ = {isa = PBXFileReference; lastKnownFileType = folder.assetcatalog; path = "Preview Assets.xcassets"; sourceTree = "<group>"; };
		E1EE08372BE3FC0E00B2FB46 /* ToDoListTests.xctest */ = {isa = PBXFileReference; explicitFileType = wrapper.cfbundle; includeInIndex = 0; path = ToDoListTests.xctest; sourceTree = BUILT_PRODUCTS_DIR; };
		E1EE083B2BE3FC0E00B2FB46 /* ToDoListTests.swift */ = {isa = PBXFileReference; lastKnownFileType = sourcecode.swift; path = ToDoListTests.swift; sourceTree = "<group>"; };
		E1EE08412BE3FC0E00B2FB46 /* ToDoListUITests.xctest */ = {isa = PBXFileReference; explicitFileType = wrapper.cfbundle; includeInIndex = 0; path = ToDoListUITests.xctest; sourceTree = BUILT_PRODUCTS_DIR; };
		E1EE08452BE3FC0E00B2FB46 /* ToDoListUITests.swift */ = {isa = PBXFileReference; lastKnownFileType = sourcecode.swift; path = ToDoListUITests.swift; sourceTree = "<group>"; };
		E1EE08472BE3FC0E00B2FB46 /* ToDoListUITestsLaunchTests.swift */ = {isa = PBXFileReference; lastKnownFileType = sourcecode.swift; path = ToDoListUITestsLaunchTests.swift; sourceTree = "<group>"; };
/* End PBXFileReference section */

/* Begin PBXFrameworksBuildPhase section */
		E1EE08242BE3FC0A00B2FB46 /* Frameworks */ = {
			isa = PBXFrameworksBuildPhase;
			buildActionMask = 2147483647;
			files = (
				E17163ED2BE4133200000B6E /* FirebaseAuth in Frameworks */,
				E17163EF2BE4133200000B6E /* FirebaseFirestore in Frameworks */,
				E17163F12BE4133200000B6E /* FirebaseFirestoreSwift in Frameworks */,
			);
			runOnlyForDeploymentPostprocessing = 0;
		};
		E1EE08342BE3FC0E00B2FB46 /* Frameworks */ = {
			isa = PBXFrameworksBuildPhase;
			buildActionMask = 2147483647;
			files = (
			);
			runOnlyForDeploymentPostprocessing = 0;
		};
		E1EE083E2BE3FC0E00B2FB46 /* Frameworks */ = {
			isa = PBXFrameworksBuildPhase;
			buildActionMask = 2147483647;
			files = (
			);
			runOnlyForDeploymentPostprocessing = 0;
		};
/* End PBXFrameworksBuildPhase section */

/* Begin PBXGroup section */
		E17163F22BE41A9200000B6E /* others */ = {
			isa = PBXGroup;
			children = (
				E1EE082A2BE3FC0A00B2FB46 /* ToDoListApp.swift */,
				E1EE082E2BE3FC0E00B2FB46 /* Assets.xcassets */,
				E17163E72BE4124300000B6E /* GoogleService-Info.plist */,
			);
			path = others;
			sourceTree = "<group>";
		};
		E17163F32BE41A9D00000B6E /* Models */ = {
			isa = PBXGroup;
			children = (
				E171640E2BE4274A00000B6E /* user.swift */,
				E17164122BE427BE00000B6E /* toDoListItems.swift */,
			);
			path = Models;
			sourceTree = "<group>";
		};
		E17163F42BE41AAB00000B6E /* ViewModels */ = {
			isa = PBXGroup;
			children = (
				E17164162BE4281C00000B6E /* MainViewViewModel.swift */,
				E171641A2BE4284700000B6E /* ProfileViewViewModel.swift */,
				E171641E2BE4286800000B6E /* ToDoListViewViewModel.swift */,
				E17164222BE4289100000B6E /* NewItemViewViewModels.swift */,
				E17164262BE428AF00000B6E /* LoginViewViewModels.swift */,
				E171642A2BE428C200000B6E /* RegisterViewViewModels.swift */,
				E171642E2BE428F000000B6E /* ToDoListItemViewViewModels.swift */,
			);
			path = ViewModels;
			sourceTree = "<group>";
		};
		E17163F52BE41ABA00000B6E /* Views */ = {
			isa = PBXGroup;
			children = (
				E1EE082C2BE3FC0A00B2FB46 /* MainView.swift */,
				E17163F62BE4261600000B6E /* ProfileView.swift */,
				E17163FA2BE4263700000B6E /* ToDoListView.swift */,
				E17163FE2BE4264E00000B6E /* NewItemView.swift */,
				E17164022BE426A100000B6E /* LoginView.swift */,
				E17164062BE426CF00000B6E /* RegisterView.swift */,
				E171640A2BE426EE00000B6E /* ToDoListItemView.swift */,
			);
			path = Views;
			sourceTree = "<group>";
		};
		E1EE081E2BE3FC0A00B2FB46 = {
			isa = PBXGroup;
			children = (
				E1EE08292BE3FC0A00B2FB46 /* ToDoList */,
				E1EE083A2BE3FC0E00B2FB46 /* ToDoListTests */,
				E1EE08442BE3FC0E00B2FB46 /* ToDoListUITests */,
				E1EE08282BE3FC0A00B2FB46 /* Products */,
			);
			sourceTree = "<group>";
		};
		E1EE08282BE3FC0A00B2FB46 /* Products */ = {
			isa = PBXGroup;
			children = (
				E1EE08272BE3FC0A00B2FB46 /* ToDoList.app */,
				E1EE08372BE3FC0E00B2FB46 /* ToDoListTests.xctest */,
				E1EE08412BE3FC0E00B2FB46 /* ToDoListUITests.xctest */,
			);
			name = Products;
			sourceTree = "<group>";
		};
		E1EE08292BE3FC0A00B2FB46 /* ToDoList */ = {
			isa = PBXGroup;
			children = (
				E17163F52BE41ABA00000B6E /* Views */,
				E17163F42BE41AAB00000B6E /* ViewModels */,
				E17163F32BE41A9D00000B6E /* Models */,
				E17163F22BE41A9200000B6E /* others */,
				E1EE08302BE3FC0E00B2FB46 /* Preview Content */,
			);
			path = ToDoList;
			sourceTree = "<group>";
		};
		E1EE08302BE3FC0E00B2FB46 /* Preview Content */ = {
			isa = PBXGroup;
			children = (
				E1EE08312BE3FC0E00B2FB46 /* Preview Assets.xcassets */,
			);
			path = "Preview Content";
			sourceTree = "<group>";
		};
		E1EE083A2BE3FC0E00B2FB46 /* ToDoListTests */ = {
			isa = PBXGroup;
			children = (
				E1EE083B2BE3FC0E00B2FB46 /* ToDoListTests.swift */,
			);
			path = ToDoListTests;
			sourceTree = "<group>";
		};
		E1EE08442BE3FC0E00B2FB46 /* ToDoListUITests */ = {
			isa = PBXGroup;
			children = (
				E1EE08452BE3FC0E00B2FB46 /* ToDoListUITests.swift */,
				E1EE08472BE3FC0E00B2FB46 /* ToDoListUITestsLaunchTests.swift */,
			);
			path = ToDoListUITests;
			sourceTree = "<group>";
		};
/* End PBXGroup section */

/* Begin PBXNativeTarget section */
		E1EE08262BE3FC0A00B2FB46 /* ToDoList */ = {
			isa = PBXNativeTarget;
			buildConfigurationList = E1EE084B2BE3FC0E00B2FB46 /* Build configuration list for PBXNativeTarget "ToDoList" */;
			buildPhases = (
				E1EE08232BE3FC0A00B2FB46 /* Sources */,
				E1EE08242BE3FC0A00B2FB46 /* Frameworks */,
				E1EE08252BE3FC0A00B2FB46 /* Resources */,
			);
			buildRules = (
			);
			dependencies = (
			);
			name = ToDoList;
			packageProductDependencies = (
				E17163EC2BE4133200000B6E /* FirebaseAuth */,
				E17163EE2BE4133200000B6E /* FirebaseFirestore */,
				E17163F02BE4133200000B6E /* FirebaseFirestoreSwift */,
			);
			productName = ToDoList;
			productReference = E1EE08272BE3FC0A00B2FB46 /* ToDoList.app */;
			productType = "com.apple.product-type.application";
		};
		E1EE08362BE3FC0E00B2FB46 /* ToDoListTests */ = {
			isa = PBXNativeTarget;
			buildConfigurationList = E1EE084E2BE3FC0E00B2FB46 /* Build configuration list for PBXNativeTarget "ToDoListTests" */;
			buildPhases = (
				E1EE08332BE3FC0E00B2FB46 /* Sources */,
				E1EE08342BE3FC0E00B2FB46 /* Frameworks */,
				E1EE08352BE3FC0E00B2FB46 /* Resources */,
			);
			buildRules = (
			);
			dependencies = (
				E1EE08392BE3FC0E00B2FB46 /* PBXTargetDependency */,
			);
			name = ToDoListTests;
			productName = ToDoListTests;
			productReference = E1EE08372BE3FC0E00B2FB46 /* ToDoListTests.xctest */;
			productType = "com.apple.product-type.bundle.unit-test";
		};
		E1EE08402BE3FC0E00B2FB46 /* ToDoListUITests */ = {
			isa = PBXNativeTarget;
			buildConfigurationList = E1EE08512BE3FC0E00B2FB46 /* Build configuration list for PBXNativeTarget "ToDoListUITests" */;
			buildPhases = (
				E1EE083D2BE3FC0E00B2FB46 /* Sources */,
				E1EE083E2BE3FC0E00B2FB46 /* Frameworks */,
				E1EE083F2BE3FC0E00B2FB46 /* Resources */,
			);
			buildRules = (
			);
			dependencies = (
				E1EE08432BE3FC0E00B2FB46 /* PBXTargetDependency */,
			);
			name = ToDoListUITests;
			productName = ToDoListUITests;
			productReference = E1EE08412BE3FC0E00B2FB46 /* ToDoListUITests.xctest */;
			productType = "com.apple.product-type.bundle.ui-testing";
		};
/* End PBXNativeTarget section */

/* Begin PBXProject section */
		E1EE081F2BE3FC0A00B2FB46 /* Project object */ = {
			isa = PBXProject;
			attributes = {
				BuildIndependentTargetsInParallel = 1;
				LastSwiftUpdateCheck = 1530;
				LastUpgradeCheck = 1530;
				TargetAttributes = {
					E1EE08262BE3FC0A00B2FB46 = {
						CreatedOnToolsVersion = 15.3;
					};
					E1EE08362BE3FC0E00B2FB46 = {
						CreatedOnToolsVersion = 15.3;
						TestTargetID = E1EE08262BE3FC0A00B2FB46;
					};
					E1EE08402BE3FC0E00B2FB46 = {
						CreatedOnToolsVersion = 15.3;
						TestTargetID = E1EE08262BE3FC0A00B2FB46;
					};
				};
			};
			buildConfigurationList = E1EE08222BE3FC0A00B2FB46 /* Build configuration list for PBXProject "ToDoList" */;
			compatibilityVersion = "Xcode 14.0";
			developmentRegion = en;
			hasScannedForEncodings = 0;
			knownRegions = (
				en,
				Base,
			);
			mainGroup = E1EE081E2BE3FC0A00B2FB46;
			packageReferences = (
				E17163EB2BE4133200000B6E /* XCRemoteSwiftPackageReference "firebase-ios-sdk" */,
			);
			productRefGroup = E1EE08282BE3FC0A00B2FB46 /* Products */;
			projectDirPath = "";
			projectRoot = "";
			targets = (
				E1EE08262BE3FC0A00B2FB46 /* ToDoList */,
				E1EE08362BE3FC0E00B2FB46 /* ToDoListTests */,
				E1EE08402BE3FC0E00B2FB46 /* ToDoListUITests */,
			);
		};
/* End PBXProject section */

/* Begin PBXResourcesBuildPhase section */
		E1EE08252BE3FC0A00B2FB46 /* Resources */ = {
			isa = PBXResourcesBuildPhase;
			buildActionMask = 2147483647;
			files = (
				E1EE08322BE3FC0E00B2FB46 /* Preview Assets.xcassets in Resources */,
				E1EE082F2BE3FC0E00B2FB46 /* Assets.xcassets in Resources */,
				E17163E82BE4124300000B6E /* GoogleService-Info.plist in Resources */,
			);
			runOnlyForDeploymentPostprocessing = 0;
		};
		E1EE08352BE3FC0E00B2FB46 /* Resources */ = {
			isa = PBXResourcesBuildPhase;
			buildActionMask = 2147483647;
			files = (
				E17163E92BE4124400000B6E /* GoogleService-Info.plist in Resources */,
			);
			runOnlyForDeploymentPostprocessing = 0;
		};
		E1EE083F2BE3FC0E00B2FB46 /* Resources */ = {
			isa = PBXResourcesBuildPhase;
			buildActionMask = 2147483647;
			files = (
				E17163EA2BE4124400000B6E /* GoogleService-Info.plist in Resources */,
			);
			runOnlyForDeploymentPostprocessing = 0;
		};
/* End PBXResourcesBuildPhase section */

/* Begin PBXSourcesBuildPhase section */
		E1EE08232BE3FC0A00B2FB46 /* Sources */ = {
			isa = PBXSourcesBuildPhase;
			buildActionMask = 2147483647;
			files = (
				E17164132BE427BF00000B6E /* toDoListItems.swift in Sources */,
				E17164272BE428AF00000B6E /* LoginViewViewModels.swift in Sources */,
				E17164232BE4289100000B6E /* NewItemViewViewModels.swift in Sources */,
				E171642F2BE428F000000B6E /* ToDoListItemViewViewModels.swift in Sources */,
				E17164032BE426A100000B6E /* LoginView.swift in Sources */,
				E17164172BE4281C00000B6E /* MainViewViewModel.swift in Sources */,
				E1EE082D2BE3FC0A00B2FB46 /* MainView.swift in Sources */,
				E171642B2BE428C200000B6E /* RegisterViewViewModels.swift in Sources */,
				E17163F72BE4261600000B6E /* ProfileView.swift in Sources */,
				E171641B2BE4284700000B6E /* ProfileViewViewModel.swift in Sources */,
				E17164072BE426CF00000B6E /* RegisterView.swift in Sources */,
				E17163FB2BE4263700000B6E /* ToDoListView.swift in Sources */,
				E171640F2BE4274A00000B6E /* user.swift in Sources */,
				E171641F2BE4286800000B6E /* ToDoListViewViewModel.swift in Sources */,
				E171640B2BE426EE00000B6E /* ToDoListItemView.swift in Sources */,
				E1EE082B2BE3FC0A00B2FB46 /* ToDoListApp.swift in Sources */,
				E17163FF2BE4264F00000B6E /* NewItemView.swift in Sources */,
			);
			runOnlyForDeploymentPostprocessing = 0;
		};
		E1EE08332BE3FC0E00B2FB46 /* Sources */ = {
			isa = PBXSourcesBuildPhase;
			buildActionMask = 2147483647;
			files = (
				E171642C2BE428C200000B6E /* RegisterViewViewModels.swift in Sources */,
				E17164242BE4289100000B6E /* NewItemViewViewModels.swift in Sources */,
				E17164002BE4264F00000B6E /* NewItemView.swift in Sources */,
				E171640C2BE426EE00000B6E /* ToDoListItemView.swift in Sources */,
				E17163FC2BE4263700000B6E /* ToDoListView.swift in Sources */,
				E17163F82BE4261600000B6E /* ProfileView.swift in Sources */,
				E17164102BE4274A00000B6E /* user.swift in Sources */,
				E17164082BE426CF00000B6E /* RegisterView.swift in Sources */,
				E17164282BE428B000000B6E /* LoginViewViewModels.swift in Sources */,
				E17164042BE426A100000B6E /* LoginView.swift in Sources */,
				E17164202BE4286800000B6E /* ToDoListViewViewModel.swift in Sources */,
				E171641C2BE4284700000B6E /* ProfileViewViewModel.swift in Sources */,
				E17164302BE428F000000B6E /* ToDoListItemViewViewModels.swift in Sources */,
				E1EE083C2BE3FC0E00B2FB46 /* ToDoListTests.swift in Sources */,
				E17164182BE4281C00000B6E /* MainViewViewModel.swift in Sources */,
				E17164142BE427BF00000B6E /* toDoListItems.swift in Sources */,
			);
			runOnlyForDeploymentPostprocessing = 0;
		};
		E1EE083D2BE3FC0E00B2FB46 /* Sources */ = {
			isa = PBXSourcesBuildPhase;
			buildActionMask = 2147483647;
			files = (
				E17164152BE427BF00000B6E /* toDoListItems.swift in Sources */,
				E17164292BE428B000000B6E /* LoginViewViewModels.swift in Sources */,
				E17164252BE4289100000B6E /* NewItemViewViewModels.swift in Sources */,
				E17164312BE428F000000B6E /* ToDoListItemViewViewModels.swift in Sources */,
				E17164052BE426A100000B6E /* LoginView.swift in Sources */,
				E17164192BE4281C00000B6E /* MainViewViewModel.swift in Sources */,
				E1EE08482BE3FC0E00B2FB46 /* ToDoListUITestsLaunchTests.swift in Sources */,
				E171642D2BE428C200000B6E /* RegisterViewViewModels.swift in Sources */,
				E17163F92BE4261600000B6E /* ProfileView.swift in Sources */,
				E171641D2BE4284700000B6E /* ProfileViewViewModel.swift in Sources */,
				E17164092BE426CF00000B6E /* RegisterView.swift in Sources */,
				E17163FD2BE4263700000B6E /* ToDoListView.swift in Sources */,
				E17164112BE4274B00000B6E /* user.swift in Sources */,
				E17164212BE4286800000B6E /* ToDoListViewViewModel.swift in Sources */,
				E171640D2BE426EE00000B6E /* ToDoListItemView.swift in Sources */,
				E1EE08462BE3FC0E00B2FB46 /* ToDoListUITests.swift in Sources */,
				E17164012BE4264F00000B6E /* NewItemView.swift in Sources */,
			);
			runOnlyForDeploymentPostprocessing = 0;
		};
/* End PBXSourcesBuildPhase section */

/* Begin PBXTargetDependency section */
		E1EE08392BE3FC0E00B2FB46 /* PBXTargetDependency */ = {
			isa = PBXTargetDependency;
			target = E1EE08262BE3FC0A00B2FB46 /* ToDoList */;
			targetProxy = E1EE08382BE3FC0E00B2FB46 /* PBXContainerItemProxy */;
		};
		E1EE08432BE3FC0E00B2FB46 /* PBXTargetDependency */ = {
			isa = PBXTargetDependency;
			target = E1EE08262BE3FC0A00B2FB46 /* ToDoList */;
			targetProxy = E1EE08422BE3FC0E00B2FB46 /* PBXContainerItemProxy */;
		};
/* End PBXTargetDependency section */

/* Begin XCBuildConfiguration section */
		E1EE08492BE3FC0E00B2FB46 /* Debug */ = {
			isa = XCBuildConfiguration;
			buildSettings = {
				ALWAYS_SEARCH_USER_PATHS = NO;
				ASSETCATALOG_COMPILER_GENERATE_SWIFT_ASSET_SYMBOL_EXTENSIONS = YES;
				CLANG_ANALYZER_NONNULL = YES;
				CLANG_ANALYZER_NUMBER_OBJECT_CONVERSION = YES_AGGRESSIVE;
				CLANG_CXX_LANGUAGE_STANDARD = "gnu++20";
				CLANG_ENABLE_MODULES = YES;
				CLANG_ENABLE_OBJC_ARC = YES;
				CLANG_ENABLE_OBJC_WEAK = YES;
				CLANG_WARN_BLOCK_CAPTURE_AUTORELEASING = YES;
				CLANG_WARN_BOOL_CONVERSION = YES;
				CLANG_WARN_COMMA = YES;
				CLANG_WARN_CONSTANT_CONVERSION = YES;
				CLANG_WARN_DEPRECATED_OBJC_IMPLEMENTATIONS = YES;
				CLANG_WARN_DIRECT_OBJC_ISA_USAGE = YES_ERROR;
				CLANG_WARN_DOCUMENTATION_COMMENTS = YES;
				CLANG_WARN_EMPTY_BODY = YES;
				CLANG_WARN_ENUM_CONVERSION = YES;
				CLANG_WARN_INFINITE_RECURSION = YES;
				CLANG_WARN_INT_CONVERSION = YES;
				CLANG_WARN_NON_LITERAL_NULL_CONVERSION = YES;
				CLANG_WARN_OBJC_IMPLICIT_RETAIN_SELF = YES;
				CLANG_WARN_OBJC_LITERAL_CONVERSION = YES;
				CLANG_WARN_OBJC_ROOT_CLASS = YES_ERROR;
				CLANG_WARN_QUOTED_INCLUDE_IN_FRAMEWORK_HEADER = YES;
				CLANG_WARN_RANGE_LOOP_ANALYSIS = YES;
				CLANG_WARN_STRICT_PROTOTYPES = YES;
				CLANG_WARN_SUSPICIOUS_MOVE = YES;
				CLANG_WARN_UNGUARDED_AVAILABILITY = YES_AGGRESSIVE;
				CLANG_WARN_UNREACHABLE_CODE = YES;
				CLANG_WARN__DUPLICATE_METHOD_MATCH = YES;
				COPY_PHASE_STRIP = NO;
				DEBUG_INFORMATION_FORMAT = dwarf;
				ENABLE_STRICT_OBJC_MSGSEND = YES;
				ENABLE_TESTABILITY = YES;
				ENABLE_USER_SCRIPT_SANDBOXING = YES;
				GCC_C_LANGUAGE_STANDARD = gnu17;
				GCC_DYNAMIC_NO_PIC = NO;
				GCC_NO_COMMON_BLOCKS = YES;
				GCC_OPTIMIZATION_LEVEL = 0;
				GCC_PREPROCESSOR_DEFINITIONS = (
					"DEBUG=1",
					"$(inherited)",
				);
				GCC_WARN_64_TO_32_BIT_CONVERSION = YES;
				GCC_WARN_ABOUT_RETURN_TYPE = YES_ERROR;
				GCC_WARN_UNDECLARED_SELECTOR = YES;
				GCC_WARN_UNINITIALIZED_AUTOS = YES_AGGRESSIVE;
				GCC_WARN_UNUSED_FUNCTION = YES;
				GCC_WARN_UNUSED_VARIABLE = YES;
				IPHONEOS_DEPLOYMENT_TARGET = 17.4;
				LOCALIZATION_PREFERS_STRING_CATALOGS = YES;
				MTL_ENABLE_DEBUG_INFO = INCLUDE_SOURCE;
				MTL_FAST_MATH = YES;
				ONLY_ACTIVE_ARCH = YES;
				SDKROOT = iphoneos;
				SWIFT_ACTIVE_COMPILATION_CONDITIONS = "DEBUG $(inherited)";
				SWIFT_OPTIMIZATION_LEVEL = "-Onone";
			};
			name = Debug;
		};
		E1EE084A2BE3FC0E00B2FB46 /* Release */ = {
			isa = XCBuildConfiguration;
			buildSettings = {
				ALWAYS_SEARCH_USER_PATHS = NO;
				ASSETCATALOG_COMPILER_GENERATE_SWIFT_ASSET_SYMBOL_EXTENSIONS = YES;
				CLANG_ANALYZER_NONNULL = YES;
				CLANG_ANALYZER_NUMBER_OBJECT_CONVERSION = YES_AGGRESSIVE;
				CLANG_CXX_LANGUAGE_STANDARD = "gnu++20";
				CLANG_ENABLE_MODULES = YES;
				CLANG_ENABLE_OBJC_ARC = YES;
				CLANG_ENABLE_OBJC_WEAK = YES;
				CLANG_WARN_BLOCK_CAPTURE_AUTORELEASING = YES;
				CLANG_WARN_BOOL_CONVERSION = YES;
				CLANG_WARN_COMMA = YES;
				CLANG_WARN_CONSTANT_CONVERSION = YES;
				CLANG_WARN_DEPRECATED_OBJC_IMPLEMENTATIONS = YES;
				CLANG_WARN_DIRECT_OBJC_ISA_USAGE = YES_ERROR;
				CLANG_WARN_DOCUMENTATION_COMMENTS = YES;
				CLANG_WARN_EMPTY_BODY = YES;
				CLANG_WARN_ENUM_CONVERSION = YES;
				CLANG_WARN_INFINITE_RECURSION = YES;
				CLANG_WARN_INT_CONVERSION = YES;
				CLANG_WARN_NON_LITERAL_NULL_CONVERSION = YES;
				CLANG_WARN_OBJC_IMPLICIT_RETAIN_SELF = YES;
				CLANG_WARN_OBJC_LITERAL_CONVERSION = YES;
				CLANG_WARN_OBJC_ROOT_CLASS = YES_ERROR;
				CLANG_WARN_QUOTED_INCLUDE_IN_FRAMEWORK_HEADER = YES;
				CLANG_WARN_RANGE_LOOP_ANALYSIS = YES;
				CLANG_WARN_STRICT_PROTOTYPES = YES;
				CLANG_WARN_SUSPICIOUS_MOVE = YES;
				CLANG_WARN_UNGUARDED_AVAILABILITY = YES_AGGRESSIVE;
				CLANG_WARN_UNREACHABLE_CODE = YES;
				CLANG_WARN__DUPLICATE_METHOD_MATCH = YES;
				COPY_PHASE_STRIP = NO;
				DEBUG_INFORMATION_FORMAT = "dwarf-with-dsym";
				ENABLE_NS_ASSERTIONS = NO;
				ENABLE_STRICT_OBJC_MSGSEND = YES;
				ENABLE_USER_SCRIPT_SANDBOXING = YES;
				GCC_C_LANGUAGE_STANDARD = gnu17;
				GCC_NO_COMMON_BLOCKS = YES;
				GCC_WARN_64_TO_32_BIT_CONVERSION = YES;
				GCC_WARN_ABOUT_RETURN_TYPE = YES_ERROR;
				GCC_WARN_UNDECLARED_SELECTOR = YES;
				GCC_WARN_UNINITIALIZED_AUTOS = YES_AGGRESSIVE;
				GCC_WARN_UNUSED_FUNCTION = YES;
				GCC_WARN_UNUSED_VARIABLE = YES;
				IPHONEOS_DEPLOYMENT_TARGET = 17.4;
				LOCALIZATION_PREFERS_STRING_CATALOGS = YES;
				MTL_ENABLE_DEBUG_INFO = NO;
				MTL_FAST_MATH = YES;
				SDKROOT = iphoneos;
				SWIFT_COMPILATION_MODE = wholemodule;
				VALIDATE_PRODUCT = YES;
			};
			name = Release;
		};
		E1EE084C2BE3FC0E00B2FB46 /* Debug */ = {
			isa = XCBuildConfiguration;
			buildSettings = {
				ASSETCATALOG_COMPILER_APPICON_NAME = AppIcon;
				ASSETCATALOG_COMPILER_GLOBAL_ACCENT_COLOR_NAME = AccentColor;
				CODE_SIGN_STYLE = Automatic;
				CURRENT_PROJECT_VERSION = 1;
				DEVELOPMENT_ASSET_PATHS = "\"ToDoList/Preview Content\"";
				ENABLE_PREVIEWS = YES;
				GENERATE_INFOPLIST_FILE = YES;
				INFOPLIST_KEY_CFBundleDisplayName = "To Do List";
				INFOPLIST_KEY_UIApplicationSceneManifest_Generation = YES;
				INFOPLIST_KEY_UIApplicationSupportsIndirectInputEvents = YES;
				INFOPLIST_KEY_UILaunchScreen_Generation = YES;
				INFOPLIST_KEY_UISupportedInterfaceOrientations = UIInterfaceOrientationPortrait;
				LD_RUNPATH_SEARCH_PATHS = (
					"$(inherited)",
					"@executable_path/Frameworks",
				);
				MARKETING_VERSION = 1.0;
				PRODUCT_BUNDLE_IDENTIFIER = vedu.ToDoList;
				PRODUCT_NAME = "$(TARGET_NAME)";
				SWIFT_EMIT_LOC_STRINGS = YES;
				SWIFT_VERSION = 5.0;
				TARGETED_DEVICE_FAMILY = "1,2";
			};
			name = Debug;
		};
		E1EE084D2BE3FC0E00B2FB46 /* Release */ = {
			isa = XCBuildConfiguration;
			buildSettings = {
				ASSETCATALOG_COMPILER_APPICON_NAME = AppIcon;
				ASSETCATALOG_COMPILER_GLOBAL_ACCENT_COLOR_NAME = AccentColor;
				CODE_SIGN_STYLE = Automatic;
				CURRENT_PROJECT_VERSION = 1;
				DEVELOPMENT_ASSET_PATHS = "\"ToDoList/Preview Content\"";
				ENABLE_PREVIEWS = YES;
				GENERATE_INFOPLIST_FILE = YES;
				INFOPLIST_KEY_CFBundleDisplayName = "To Do List";
				INFOPLIST_KEY_UIApplicationSceneManifest_Generation = YES;
				INFOPLIST_KEY_UIApplicationSupportsIndirectInputEvents = YES;
				INFOPLIST_KEY_UILaunchScreen_Generation = YES;
				INFOPLIST_KEY_UISupportedInterfaceOrientations = UIInterfaceOrientationPortrait;
				LD_RUNPATH_SEARCH_PATHS = (
					"$(inherited)",
					"@executable_path/Frameworks",
				);
				MARKETING_VERSION = 1.0;
				PRODUCT_BUNDLE_IDENTIFIER = vedu.ToDoList;
				PRODUCT_NAME = "$(TARGET_NAME)";
				SWIFT_EMIT_LOC_STRINGS = YES;
				SWIFT_VERSION = 5.0;
				TARGETED_DEVICE_FAMILY = "1,2";
			};
			name = Release;
		};
		E1EE084F2BE3FC0E00B2FB46 /* Debug */ = {
			isa = XCBuildConfiguration;
			buildSettings = {
				ALWAYS_EMBED_SWIFT_STANDARD_LIBRARIES = YES;
				BUNDLE_LOADER = "$(TEST_HOST)";
				CODE_SIGN_STYLE = Automatic;
				CURRENT_PROJECT_VERSION = 1;
				GENERATE_INFOPLIST_FILE = YES;
				IPHONEOS_DEPLOYMENT_TARGET = 17.4;
				MARKETING_VERSION = 1.0;
				PRODUCT_BUNDLE_IDENTIFIER = vedu.ToDoListTests;
				PRODUCT_NAME = "$(TARGET_NAME)";
				SWIFT_EMIT_LOC_STRINGS = NO;
				SWIFT_VERSION = 5.0;
				TARGETED_DEVICE_FAMILY = "1,2";
				TEST_HOST = "$(BUILT_PRODUCTS_DIR)/ToDoList.app/$(BUNDLE_EXECUTABLE_FOLDER_PATH)/ToDoList";
			};
			name = Debug;
		};
		E1EE08502BE3FC0E00B2FB46 /* Release */ = {
			isa = XCBuildConfiguration;
			buildSettings = {
				ALWAYS_EMBED_SWIFT_STANDARD_LIBRARIES = YES;
				BUNDLE_LOADER = "$(TEST_HOST)";
				CODE_SIGN_STYLE = Automatic;
				CURRENT_PROJECT_VERSION = 1;
				GENERATE_INFOPLIST_FILE = YES;
				IPHONEOS_DEPLOYMENT_TARGET = 17.4;
				MARKETING_VERSION = 1.0;
				PRODUCT_BUNDLE_IDENTIFIER = vedu.ToDoListTests;
				PRODUCT_NAME = "$(TARGET_NAME)";
				SWIFT_EMIT_LOC_STRINGS = NO;
				SWIFT_VERSION = 5.0;
				TARGETED_DEVICE_FAMILY = "1,2";
				TEST_HOST = "$(BUILT_PRODUCTS_DIR)/ToDoList.app/$(BUNDLE_EXECUTABLE_FOLDER_PATH)/ToDoList";
			};
			name = Release;
		};
		E1EE08522BE3FC0E00B2FB46 /* Debug */ = {
			isa = XCBuildConfiguration;
			buildSettings = {
				ALWAYS_EMBED_SWIFT_STANDARD_LIBRARIES = YES;
				CODE_SIGN_STYLE = Automatic;
				CURRENT_PROJECT_VERSION = 1;
				GENERATE_INFOPLIST_FILE = YES;
				MARKETING_VERSION = 1.0;
				PRODUCT_BUNDLE_IDENTIFIER = vedu.ToDoListUITests;
				PRODUCT_NAME = "$(TARGET_NAME)";
				SWIFT_EMIT_LOC_STRINGS = NO;
				SWIFT_VERSION = 5.0;
				TARGETED_DEVICE_FAMILY = "1,2";
				TEST_TARGET_NAME = ToDoList;
			};
			name = Debug;
		};
		E1EE08532BE3FC0E00B2FB46 /* Release */ = {
			isa = XCBuildConfiguration;
			buildSettings = {
				ALWAYS_EMBED_SWIFT_STANDARD_LIBRARIES = YES;
				CODE_SIGN_STYLE = Automatic;
				CURRENT_PROJECT_VERSION = 1;
				GENERATE_INFOPLIST_FILE = YES;
				MARKETING_VERSION = 1.0;
				PRODUCT_BUNDLE_IDENTIFIER = vedu.ToDoListUITests;
				PRODUCT_NAME = "$(TARGET_NAME)";
				SWIFT_EMIT_LOC_STRINGS = NO;
				SWIFT_VERSION = 5.0;
				TARGETED_DEVICE_FAMILY = "1,2";
				TEST_TARGET_NAME = ToDoList;
			};
			name = Release;
		};
/* End XCBuildConfiguration section */

/* Begin XCConfigurationList section */
		E1EE08222BE3FC0A00B2FB46 /* Build configuration list for PBXProject "ToDoList" */ = {
			isa = XCConfigurationList;
			buildConfigurations = (
				E1EE08492BE3FC0E00B2FB46 /* Debug */,
				E1EE084A2BE3FC0E00B2FB46 /* Release */,
			);
			defaultConfigurationIsVisible = 0;
			defaultConfigurationName = Release;
		};
		E1EE084B2BE3FC0E00B2FB46 /* Build configuration list for PBXNativeTarget "ToDoList" */ = {
			isa = XCConfigurationList;
			buildConfigurations = (
				E1EE084C2BE3FC0E00B2FB46 /* Debug */,
				E1EE084D2BE3FC0E00B2FB46 /* Release */,
			);
			defaultConfigurationIsVisible = 0;
			defaultConfigurationName = Release;
		};
		E1EE084E2BE3FC0E00B2FB46 /* Build configuration list for PBXNativeTarget "ToDoListTests" */ = {
			isa = XCConfigurationList;
			buildConfigurations = (
				E1EE084F2BE3FC0E00B2FB46 /* Debug */,
				E1EE08502BE3FC0E00B2FB46 /* Release */,
			);
			defaultConfigurationIsVisible = 0;
			defaultConfigurationName = Release;
		};
		E1EE08512BE3FC0E00B2FB46 /* Build configuration list for PBXNativeTarget "ToDoListUITests" */ = {
			isa = XCConfigurationList;
			buildConfigurations = (
				E1EE08522BE3FC0E00B2FB46 /* Debug */,
				E1EE08532BE3FC0E00B2FB46 /* Release */,
			);
			defaultConfigurationIsVisible = 0;
			defaultConfigurationName = Release;
		};
/* End XCConfigurationList section */

/* Begin XCRemoteSwiftPackageReference section */
		E17163EB2BE4133200000B6E /* XCRemoteSwiftPackageReference "firebase-ios-sdk" */ = {
			isa = XCRemoteSwiftPackageReference;
			repositoryURL = "https://github.com/firebase/firebase-ios-sdk";
			requirement = {
				kind = upToNextMajorVersion;
				minimumVersion = 10.25.0;
			};
		};
/* End XCRemoteSwiftPackageReference section */

/* Begin XCSwiftPackageProductDependency section */
		E17163EC2BE4133200000B6E /* FirebaseAuth */ = {
			isa = XCSwiftPackageProductDependency;
			package = E17163EB2BE4133200000B6E /* XCRemoteSwiftPackageReference "firebase-ios-sdk" */;
			productName = FirebaseAuth;
		};
		E17163EE2BE4133200000B6E /* FirebaseFirestore */ = {
			isa = XCSwiftPackageProductDependency;
			package = E17163EB2BE4133200000B6E /* XCRemoteSwiftPackageReference "firebase-ios-sdk" */;
			productName = FirebaseFirestore;
		};
		E17163F02BE4133200000B6E /* FirebaseFirestoreSwift */ = {
			isa = XCSwiftPackageProductDependency;
			package = E17163EB2BE4133200000B6E /* XCRemoteSwiftPackageReference "firebase-ios-sdk" */;
			productName = FirebaseFirestoreSwift;
		};
/* End XCSwiftPackageProductDependency section */
	};
	rootObject = E1EE081F2BE3FC0A00B2FB46 /* Project object */;
}
